
Microsoft Visual Studio Solution File, Format Version 12.00
# Visual Studio Version 17
VisualStudioVersion = 17.6.33723.286
MinimumVisualStudioVersion = 10.0.40219.1
Project("{FAE04EC0-301F-11D3-BF4B-00C04F79EFBC}") = "Lesson03", "Lesson03\Lesson03.csproj", "{447A8DEF-C5FA-4C4F-A9B9-DDEFB1CD4086}"
EndProject
Global
	GlobalSection(SolutionConfigurationPlatforms) = preSolution
		Debug|Any CPU = Debug|Any CPU
		Release|Any CPU = Release|Any CPU
	EndGlobalSection
	GlobalSection(ProjectConfigurationPlatforms) = postSolution
		{447A8DEF-C5FA-4C4F-A9B9-DDEFB1CD4086}.Debug|Any CPU.ActiveCfg = Debug|Any CPU
		{447A8DEF-C5FA-4C4F-A9B9-DDEFB1CD4086}.Debug|Any CPU.Build.0 = Debug|Any CPU
		{447A8DEF-C5FA-4C4F-A9B9-DDEFB1CD4086}.Release|Any CPU.ActiveCfg = Release|Any CPU
		{447A8DEF-C5FA-4C4F-A9B9-DDEFB1CD4086}.Release|Any CPU.Build.0 = Release|Any CPU
	EndGlobalSection
	GlobalSection(SolutionProperties) = preSolution
		HideSolutionNode = FALSE
	EndGlobalSection
	GlobalSection(ExtensibilityGlobals) = postSolution
		SolutionGuid = {51158665-2AEE-40E4-A39E-8E146D9A15E7}
	EndGlobalSection
EndGlobal
